
Microsoft Visual Studio Solution File, Format Version 12.00
# Visual Studio Version 17
VisualStudioVersion = 17.14.36518.9
MinimumVisualStudioVersion = 10.0.40219.1
Project("{FAE04EC0-301F-11D3-BF4B-00C04F79EFBC}") = "MusicWebAPI", "MusicWebAPI\MusicWebAPI.csproj", "{03871B6B-EF13-4F52-A6A5-781571C8BC92}"
EndProject
Global
	GlobalSection(SolutionConfigurationPlatforms) = preSolution
		Debug|Any CPU = Debug|Any CPU
		Release|Any CPU = Release|Any CPU
	EndGlobalSection
	GlobalSection(ProjectConfigurationPlatforms) = postSolution
		{03871B6B-EF13-4F52-A6A5-781571C8BC92}.Debug|Any CPU.ActiveCfg = Debug|Any CPU
		{03871B6B-EF13-4F52-A6A5-781571C8BC92}.Debug|Any CPU.Build.0 = Debug|Any CPU
		{03871B6B-EF13-4F52-A6A5-781571C8BC92}.Release|Any CPU.ActiveCfg = Release|Any CPU
		{03871B6B-EF13-4F52-A6A5-781571C8BC92}.Release|Any CPU.Build.0 = Release|Any CPU
	EndGlobalSection
	GlobalSection(SolutionProperties) = preSolution
		HideSolutionNode = FALSE
	EndGlobalSection
	GlobalSection(ExtensibilityGlobals) = postSolution
		SolutionGuid = {20B1D514-D49B-4859-8E63-BA9BEC3944A5}
	EndGlobalSection
EndGlobal
